// !$*UTF8*$!
{
	archiveVersion = 1;
	classes = {
	};
	objectVersion = 50;
	objects = {

/* Begin PBXBuildFile section */
		3F2B6796227B688100F46544 /* AppDelegate.swift in Sources */ = {isa = PBXBuildFile; fileRef = 3F2B6795227B688100F46544 /* AppDelegate.swift */; };
		3F2B6798227B688100F46544 /* ViewController.swift in Sources */ = {isa = PBXBuildFile; fileRef = 3F2B6797227B688100F46544 /* ViewController.swift */; };
		3F2B679B227B688100F46544 /* Main.storyboard in Resources */ = {isa = PBXBuildFile; fileRef = 3F2B6799227B688100F46544 /* Main.storyboard */; };
		3F2B679D227B688200F46544 /* Assets.xcassets in Resources */ = {isa = PBXBuildFile; fileRef = 3F2B679C227B688200F46544 /* Assets.xcassets */; };
		3F2B67A0227B688200F46544 /* LaunchScreen.storyboard in Resources */ = {isa = PBXBuildFile; fileRef = 3F2B679E227B688200F46544 /* LaunchScreen.storyboard */; };
		3F2B67AB227B688200F46544 /* TnderLikeSwipeTests.swift in Sources */ = {isa = PBXBuildFile; fileRef = 3F2B67AA227B688200F46544 /* TnderLikeSwipeTests.swift */; };
		3F2B67B6227B688200F46544 /* TnderLikeSwipeUITests.swift in Sources */ = {isa = PBXBuildFile; fileRef = 3F2B67B5227B688200F46544 /* TnderLikeSwipeUITests.swift */; };
/* End PBXBuildFile section */

/* Begin PBXContainerItemProxy section */
		3F2B67A7227B688200F46544 /* PBXContainerItemProxy */ = {
			isa = PBXContainerItemProxy;
			containerPortal = 3F2B678A227B688100F46544 /* Project object */;
			proxyType = 1;
			remoteGlobalIDString = 3F2B6791227B688100F46544;
			remoteInfo = TnderLikeSwipe;
		};
		3F2B67B2227B688200F46544 /* PBXContainerItemProxy */ = {
			isa = PBXContainerItemProxy;
			containerPortal = 3F2B678A227B688100F46544 /* Project object */;
			proxyType = 1;
			remoteGlobalIDString = 3F2B6791227B688100F46544;
			remoteInfo = TnderLikeSwipe;
		};
/* End PBXContainerItemProxy section */

/* Begin PBXFileReference section */
		3F2B6792227B688100F46544 /* TnderLikeSwipe.app */ = {isa = PBXFileReference; explicitFileType = wrapper.application; includeInIndex = 0; path = TnderLikeSwipe.app; sourceTree = BUILT_PRODUCTS_DIR; };
		3F2B6795227B688100F46544 /* AppDelegate.swift */ = {isa = PBXFileReference; lastKnownFileType = sourcecode.swift; path = AppDelegate.swift; sourceTree = "<group>"; };
		3F2B6797227B688100F46544 /* ViewController.swift */ = {isa = PBXFileReference; lastKnownFileType = sourcecode.swift; path = ViewController.swift; sourceTree = "<group>"; };
		3F2B679A227B688100F46544 /* Base */ = {isa = PBXFileReference; lastKnownFileType = file.storyboard; name = Base; path = Base.lproj/Main.storyboard; sourceTree = "<group>"; };
		3F2B679C227B688200F46544 /* Assets.xcassets */ = {isa = PBXFileReference; lastKnownFileType = folder.assetcatalog; path = Assets.xcassets; sourceTree = "<group>"; };
		3F2B679F227B688200F46544 /* Base */ = {isa = PBXFileReference; lastKnownFileType = file.storyboard; name = Base; path = Base.lproj/LaunchScreen.storyboard; sourceTree = "<group>"; };
		3F2B67A1227B688200F46544 /* Info.plist */ = {isa = PBXFileReference; lastKnownFileType = text.plist.xml; path = Info.plist; sourceTree = "<group>"; };
		3F2B67A6227B688200F46544 /* TnderLikeSwipeTests.xctest */ = {isa = PBXFileReference; explicitFileType = wrapper.cfbundle; includeInIndex = 0; path = TnderLikeSwipeTests.xctest; sourceTree = BUILT_PRODUCTS_DIR; };
		3F2B67AA227B688200F46544 /* TnderLikeSwipeTests.swift */ = {isa = PBXFileReference; lastKnownFileType = sourcecode.swift; path = TnderLikeSwipeTests.swift; sourceTree = "<group>"; };
		3F2B67AC227B688200F46544 /* Info.plist */ = {isa = PBXFileReference; lastKnownFileType = text.plist.xml; path = Info.plist; sourceTree = "<group>"; };
		3F2B67B1227B688200F46544 /* TnderLikeSwipeUITests.xctest */ = {isa = PBXFileReference; explicitFileType = wrapper.cfbundle; includeInIndex = 0; path = TnderLikeSwipeUITests.xctest; sourceTree = BUILT_PRODUCTS_DIR; };
		3F2B67B5227B688200F46544 /* TnderLikeSwipeUITests.swift */ = {isa = PBXFileReference; lastKnownFileType = sourcecode.swift; path = TnderLikeSwipeUITests.swift; sourceTree = "<group>"; };
		3F2B67B7227B688200F46544 /* Info.plist */ = {isa = PBXFileReference; lastKnownFileType = text.plist.xml; path = Info.plist; sourceTree = "<group>"; };
/* End PBXFileReference section */

/* Begin PBXFrameworksBuildPhase section */
		3F2B678F227B688100F46544 /* Frameworks */ = {
			isa = PBXFrameworksBuildPhase;
			buildActionMask = 2147483647;
			files = (
			);
			runOnlyForDeploymentPostprocessing = 0;
		};
		3F2B67A3227B688200F46544 /* Frameworks */ = {
			isa = PBXFrameworksBuildPhase;
			buildActionMask = 2147483647;
			files = (
			);
			runOnlyForDeploymentPostprocessing = 0;
		};
		3F2B67AE227B688200F46544 /* Frameworks */ = {
			isa = PBXFrameworksBuildPhase;
			buildActionMask = 2147483647;
			files = (
			);
			runOnlyForDeploymentPostprocessing = 0;
		};
/* End PBXFrameworksBuildPhase section */

/* Begin PBXGroup section */
		3F2B6789227B688100F46544 = {
			isa = PBXGroup;
			children = (
				3F2B6794227B688100F46544 /* TnderLikeSwipe */,
				3F2B67A9227B688200F46544 /* TnderLikeSwipeTests */,
				3F2B67B4227B688200F46544 /* TnderLikeSwipeUITests */,
				3F2B6793227B688100F46544 /* Products */,
			);
			sourceTree = "<group>";
		};
		3F2B6793227B688100F46544 /* Products */ = {
			isa = PBXGroup;
			children = (
				3F2B6792227B688100F46544 /* TnderLikeSwipe.app */,
				3F2B67A6227B688200F46544 /* TnderLikeSwipeTests.xctest */,
				3F2B67B1227B688200F46544 /* TnderLikeSwipeUITests.xctest */,
			);
			name = Products;
			sourceTree = "<group>";
		};
		3F2B6794227B688100F46544 /* TnderLikeSwipe */ = {
			isa = PBXGroup;
			children = (
				3F2B6795227B688100F46544 /* AppDelegate.swift */,
				3F2B6797227B688100F46544 /* ViewController.swift */,
				3F2B6799227B688100F46544 /* Main.storyboard */,
				3F2B679C227B688200F46544 /* Assets.xcassets */,
				3F2B679E227B688200F46544 /* LaunchScreen.storyboard */,
				3F2B67A1227B688200F46544 /* Info.plist */,
			);
			path = TnderLikeSwipe;
			sourceTree = "<group>";
		};
		3F2B67A9227B688200F46544 /* TnderLikeSwipeTests */ = {
			isa = PBXGroup;
			children = (
				3F2B67AA227B688200F46544 /* TnderLikeSwipeTests.swift */,
				3F2B67AC227B688200F46544 /* Info.plist */,
			);
			path = TnderLikeSwipeTests;
			sourceTree = "<group>";
		};
		3F2B67B4227B688200F46544 /* TnderLikeSwipeUITests */ = {
			isa = PBXGroup;
			children = (
				3F2B67B5227B688200F46544 /* TnderLikeSwipeUITests.swift */,
				3F2B67B7227B688200F46544 /* Info.plist */,
			);
			path = TnderLikeSwipeUITests;
			sourceTree = "<group>";
		};
/* End PBXGroup section */

/* Begin PBXNativeTarget section */
		3F2B6791227B688100F46544 /* TnderLikeSwipe */ = {
			isa = PBXNativeTarget;
			buildConfigurationList = 3F2B67BA227B688200F46544 /* Build configuration list for PBXNativeTarget "TnderLikeSwipe" */;
			buildPhases = (
				3F2B678E227B688100F46544 /* Sources */,
				3F2B678F227B688100F46544 /* Frameworks */,
				3F2B6790227B688100F46544 /* Resources */,
			);
			buildRules = (
			);
			dependencies = (
			);
			name = TnderLikeSwipe;
			productName = TnderLikeSwipe;
			productReference = 3F2B6792227B688100F46544 /* TnderLikeSwipe.app */;
			productType = "com.apple.product-type.application";
		};
		3F2B67A5227B688200F46544 /* TnderLikeSwipeTests */ = {
			isa = PBXNativeTarget;
			buildConfigurationList = 3F2B67BD227B688200F46544 /* Build configuration list for PBXNativeTarget "TnderLikeSwipeTests" */;
			buildPhases = (
				3F2B67A2227B688200F46544 /* Sources */,
				3F2B67A3227B688200F46544 /* Frameworks */,
				3F2B67A4227B688200F46544 /* Resources */,
			);
			buildRules = (
			);
			dependencies = (
				3F2B67A8227B688200F46544 /* PBXTargetDependency */,
			);
			name = TnderLikeSwipeTests;
			productName = TnderLikeSwipeTests;
			productReference = 3F2B67A6227B688200F46544 /* TnderLikeSwipeTests.xctest */;
			productType = "com.apple.product-type.bundle.unit-test";
		};
		3F2B67B0227B688200F46544 /* TnderLikeSwipeUITests */ = {
			isa = PBXNativeTarget;
			buildConfigurationList = 3F2B67C0227B688200F46544 /* Build configuration list for PBXNativeTarget "TnderLikeSwipeUITests" */;
			buildPhases = (
				3F2B67AD227B688200F46544 /* Sources */,
				3F2B67AE227B688200F46544 /* Frameworks */,
				3F2B67AF227B688200F46544 /* Resources */,
			);
			buildRules = (
			);
			dependencies = (
				3F2B67B3227B688200F46544 /* PBXTargetDependency */,
			);
			name = TnderLikeSwipeUITests;
			productName = TnderLikeSwipeUITests;
			productReference = 3F2B67B1227B688200F46544 /* TnderLikeSwipeUITests.xctest */;
			productType = "com.apple.product-type.bundle.ui-testing";
		};
/* End PBXNativeTarget section */

/* Begin PBXProject section */
		3F2B678A227B688100F46544 /* Project object */ = {
			isa = PBXProject;
			attributes = {
				LastSwiftUpdateCheck = 1020;
				LastUpgradeCheck = 1020;
				ORGANIZATIONNAME = "Lary Tertuliano";
				TargetAttributes = {
					3F2B6791227B688100F46544 = {
						CreatedOnToolsVersion = 10.2.1;
					};
					3F2B67A5227B688200F46544 = {
						CreatedOnToolsVersion = 10.2.1;
						TestTargetID = 3F2B6791227B688100F46544;
					};
					3F2B67B0227B688200F46544 = {
						CreatedOnToolsVersion = 10.2.1;
						TestTargetID = 3F2B6791227B688100F46544;
					};
				};
			};
			buildConfigurationList = 3F2B678D227B688100F46544 /* Build configuration list for PBXProject "TnderLikeSwipe" */;
			compatibilityVersion = "Xcode 9.3";
			developmentRegion = en;
			hasScannedForEncodings = 0;
			knownRegions = (
				en,
				Base,
			);
			mainGroup = 3F2B6789227B688100F46544;
			productRefGroup = 3F2B6793227B688100F46544 /* Products */;
			projectDirPath = "";
			projectRoot = "";
			targets = (
				3F2B6791227B688100F46544 /* TnderLikeSwipe */,
				3F2B67A5227B688200F46544 /* TnderLikeSwipeTests */,
				3F2B67B0227B688200F46544 /* TnderLikeSwipeUITests */,
			);
		};
/* End PBXProject section */

/* Begin PBXResourcesBuildPhase section */
		3F2B6790227B688100F46544 /* Resources */ = {
			isa = PBXResourcesBuildPhase;
			buildActionMask = 2147483647;
			files = (
				3F2B67A0227B688200F46544 /* LaunchScreen.storyboard in Resources */,
				3F2B679D227B688200F46544 /* Assets.xcassets in Resources */,
				3F2B679B227B688100F46544 /* Main.storyboard in Resources */,
			);
			runOnlyForDeploymentPostprocessing = 0;
		};
		3F2B67A4227B688200F46544 /* Resources */ = {
			isa = PBXResourcesBuildPhase;
			buildActionMask = 2147483647;
			files = (
			);
			runOnlyForDeploymentPostprocessing = 0;
		};
		3F2B67AF227B688200F46544 /* Resources */ = {
			isa = PBXResourcesBuildPhase;
			buildActionMask = 2147483647;
			files = (
			);
			runOnlyForDeploymentPostprocessing = 0;
		};
/* End PBXResourcesBuildPhase section */

/* Begin PBXSourcesBuildPhase section */
		3F2B678E227B688100F46544 /* Sources */ = {
			isa = PBXSourcesBuildPhase;
			buildActionMask = 2147483647;
			files = (
				3F2B6798227B688100F46544 /* ViewController.swift in Sources */,
				3F2B6796227B688100F46544 /* AppDelegate.swift in Sources */,
			);
			runOnlyForDeploymentPostprocessing = 0;
		};
		3F2B67A2227B688200F46544 /* Sources */ = {
			isa = PBXSourcesBuildPhase;
			buildActionMask = 2147483647;
			files = (
				3F2B67AB227B688200F46544 /* TnderLikeSwipeTests.swift in Sources */,
			);
			runOnlyForDeploymentPostprocessing = 0;
		};
		3F2B67AD227B688200F46544 /* Sources */ = {
			isa = PBXSourcesBuildPhase;
			buildActionMask = 2147483647;
			files = (
				3F2B67B6227B688200F46544 /* TnderLikeSwipeUITests.swift in Sources */,
			);
			runOnlyForDeploymentPostprocessing = 0;
		};
/* End PBXSourcesBuildPhase section */

/* Begin PBXTargetDependency section */
		3F2B67A8227B688200F46544 /* PBXTargetDependency */ = {
			isa = PBXTargetDependency;
			target = 3F2B6791227B688100F46544 /* TnderLikeSwipe */;
			targetProxy = 3F2B67A7227B688200F46544 /* PBXContainerItemProxy */;
		};
		3F2B67B3227B688200F46544 /* PBXTargetDependency */ = {
			isa = PBXTargetDependency;
			target = 3F2B6791227B688100F46544 /* TnderLikeSwipe */;
			targetProxy = 3F2B67B2227B688200F46544 /* PBXContainerItemProxy */;
		};
/* End PBXTargetDependency section */

/* Begin PBXVariantGroup section */
		3F2B6799227B688100F46544 /* Main.storyboard */ = {
			isa = PBXVariantGroup;
			children = (
				3F2B679A227B688100F46544 /* Base */,
			);
			name = Main.storyboard;
			sourceTree = "<group>";
		};
		3F2B679E227B688200F46544 /* LaunchScreen.storyboard */ = {
			isa = PBXVariantGroup;
			children = (
				3F2B679F227B688200F46544 /* Base */,
			);
			name = LaunchScreen.storyboard;
			sourceTree = "<group>";
		};
/* End PBXVariantGroup section */

/* Begin XCBuildConfiguration section */
		3F2B67B8227B688200F46544 /* Debug */ = {
			isa = XCBuildConfiguration;
			buildSettings = {
				ALWAYS_SEARCH_USER_PATHS = NO;
				CLANG_ANALYZER_NONNULL = YES;
				CLANG_ANALYZER_NUMBER_OBJECT_CONVERSION = YES_AGGRESSIVE;
				CLANG_CXX_LANGUAGE_STANDARD = "gnu++14";
				CLANG_CXX_LIBRARY = "libc++";
				CLANG_ENABLE_MODULES = YES;
				CLANG_ENABLE_OBJC_ARC = YES;
				CLANG_ENABLE_OBJC_WEAK = YES;
				CLANG_WARN_BLOCK_CAPTURE_AUTORELEASING = YES;
				CLANG_WARN_BOOL_CONVERSION = YES;
				CLANG_WARN_COMMA = YES;
				CLANG_WARN_CONSTANT_CONVERSION = YES;
				CLANG_WARN_DEPRECATED_OBJC_IMPLEMENTATIONS = YES;
				CLANG_WARN_DIRECT_OBJC_ISA_USAGE = YES_ERROR;
				CLANG_WARN_DOCUMENTATION_COMMENTS = YES;
				CLANG_WARN_EMPTY_BODY = YES;
				CLANG_WARN_ENUM_CONVERSION = YES;
				CLANG_WARN_INFINITE_RECURSION = YES;
				CLANG_WARN_INT_CONVERSION = YES;
				CLANG_WARN_NON_LITERAL_NULL_CONVERSION = YES;
				CLANG_WARN_OBJC_IMPLICIT_RETAIN_SELF = YES;
				CLANG_WARN_OBJC_LITERAL_CONVERSION = YES;
				CLANG_WARN_OBJC_ROOT_CLASS = YES_ERROR;
				CLANG_WARN_RANGE_LOOP_ANALYSIS = YES;
				CLANG_WARN_STRICT_PROTOTYPES = YES;
				CLANG_WARN_SUSPICIOUS_MOVE = YES;
				CLANG_WARN_UNGUARDED_AVAILABILITY = YES_AGGRESSIVE;
				CLANG_WARN_UNREACHABLE_CODE = YES;
				CLANG_WARN__DUPLICATE_METHOD_MATCH = YES;
				CODE_SIGN_IDENTITY = "iPhone Developer";
				COPY_PHASE_STRIP = NO;
				DEBUG_INFORMATION_FORMAT = dwarf;
				ENABLE_STRICT_OBJC_MSGSEND = YES;
				ENABLE_TESTABILITY = YES;
				GCC_C_LANGUAGE_STANDARD = gnu11;
				GCC_DYNAMIC_NO_PIC = NO;
				GCC_NO_COMMON_BLOCKS = YES;
				GCC_OPTIMIZATION_LEVEL = 0;
				GCC_PREPROCESSOR_DEFINITIONS = (
					"DEBUG=1",
					"$(inherited)",
				);
				GCC_WARN_64_TO_32_BIT_CONVERSION = YES;
				GCC_WARN_ABOUT_RETURN_TYPE = YES_ERROR;
				GCC_WARN_UNDECLARED_SELECTOR = YES;
				GCC_WARN_UNINITIALIZED_AUTOS = YES_AGGRESSIVE;
				GCC_WARN_UNUSED_FUNCTION = YES;
				GCC_WARN_UNUSED_VARIABLE = YES;
				IPHONEOS_DEPLOYMENT_TARGET = 12.2;
				MTL_ENABLE_DEBUG_INFO = INCLUDE_SOURCE;
				MTL_FAST_MATH = YES;
				ONLY_ACTIVE_ARCH = YES;
				SDKROOT = iphoneos;
				SWIFT_ACTIVE_COMPILATION_CONDITIONS = DEBUG;
				SWIFT_OPTIMIZATION_LEVEL = "-Onone";
			};
			name = Debug;
		};
		3F2B67B9227B688200F46544 /* Release */ = {
			isa = XCBuildConfiguration;
			buildSettings = {
				ALWAYS_SEARCH_USER_PATHS = NO;
				CLANG_ANALYZER_NONNULL = YES;
				CLANG_ANALYZER_NUMBER_OBJECT_CONVERSION = YES_AGGRESSIVE;
				CLANG_CXX_LANGUAGE_STANDARD = "gnu++14";
				CLANG_CXX_LIBRARY = "libc++";
				CLANG_ENABLE_MODULES = YES;
				CLANG_ENABLE_OBJC_ARC = YES;
				CLANG_ENABLE_OBJC_WEAK = YES;
				CLANG_WARN_BLOCK_CAPTURE_AUTORELEASING = YES;
				CLANG_WARN_BOOL_CONVERSION = YES;
				CLANG_WARN_COMMA = YES;
				CLANG_WARN_CONSTANT_CONVERSION = YES;
				CLANG_WARN_DEPRECATED_OBJC_IMPLEMENTATIONS = YES;
				CLANG_WARN_DIRECT_OBJC_ISA_USAGE = YES_ERROR;
				CLANG_WARN_DOCUMENTATION_COMMENTS = YES;
				CLANG_WARN_EMPTY_BODY = YES;
				CLANG_WARN_ENUM_CONVERSION = YES;
				CLANG_WARN_INFINITE_RECURSION = YES;
				CLANG_WARN_INT_CONVERSION = YES;
				CLANG_WARN_NON_LITERAL_NULL_CONVERSION = YES;
				CLANG_WARN_OBJC_IMPLICIT_RETAIN_SELF = YES;
				CLANG_WARN_OBJC_LITERAL_CONVERSION = YES;
				CLANG_WARN_OBJC_ROOT_CLASS = YES_ERROR;
				CLANG_WARN_RANGE_LOOP_ANALYSIS = YES;
				CLANG_WARN_STRICT_PROTOTYPES = YES;
				CLANG_WARN_SUSPICIOUS_MOVE = YES;
				CLANG_WARN_UNGUARDED_AVAILABILITY = YES_AGGRESSIVE;
				CLANG_WARN_UNREACHABLE_CODE = YES;
				CLANG_WARN__DUPLICATE_METHOD_MATCH = YES;
				CODE_SIGN_IDENTITY = "iPhone Developer";
				COPY_PHASE_STRIP = NO;
				DEBUG_INFORMATION_FORMAT = "dwarf-with-dsym";
				ENABLE_NS_ASSERTIONS = NO;
				ENABLE_STRICT_OBJC_MSGSEND = YES;
				GCC_C_LANGUAGE_STANDARD = gnu11;
				GCC_NO_COMMON_BLOCKS = YES;
				GCC_WARN_64_TO_32_BIT_CONVERSION = YES;
				GCC_WARN_ABOUT_RETURN_TYPE = YES_ERROR;
				GCC_WARN_UNDECLARED_SELECTOR = YES;
				GCC_WARN_UNINITIALIZED_AUTOS = YES_AGGRESSIVE;
				GCC_WARN_UNUSED_FUNCTION = YES;
				GCC_WARN_UNUSED_VARIABLE = YES;
				IPHONEOS_DEPLOYMENT_TARGET = 12.2;
				MTL_ENABLE_DEBUG_INFO = NO;
				MTL_FAST_MATH = YES;
				SDKROOT = iphoneos;
				SWIFT_COMPILATION_MODE = wholemodule;
				SWIFT_OPTIMIZATION_LEVEL = "-O";
				VALIDATE_PRODUCT = YES;
			};
			name = Release;
		};
		3F2B67BB227B688200F46544 /* Debug */ = {
			isa = XCBuildConfiguration;
			buildSettings = {
				ASSETCATALOG_COMPILER_APPICON_NAME = AppIcon;
				CODE_SIGN_STYLE = Automatic;
				DEVELOPMENT_TEAM = MB2HURBT77;
				INFOPLIST_FILE = TnderLikeSwipe/Info.plist;
				LD_RUNPATH_SEARCH_PATHS = (
					"$(inherited)",
					"@executable_path/Frameworks",
				);
				PRODUCT_BUNDLE_IDENTIFIER = com.desigetudo.TnderLikeSwipe;
				PRODUCT_NAME = "$(TARGET_NAME)";
				SWIFT_VERSION = 5.0;
				TARGETED_DEVICE_FAMILY = "1,2";
			};
			name = Debug;
		};
		3F2B67BC227B688200F46544 /* Release */ = {
			isa = XCBuildConfiguration;
			buildSettings = {
				ASSETCATALOG_COMPILER_APPICON_NAME = AppIcon;
				CODE_SIGN_STYLE = Automatic;
				DEVELOPMENT_TEAM = MB2HURBT77;
				INFOPLIST_FILE = TnderLikeSwipe/Info.plist;
				LD_RUNPATH_SEARCH_PATHS = (
					"$(inherited)",
					"@executable_path/Frameworks",
				);
				PRODUCT_BUNDLE_IDENTIFIER = com.desigetudo.TnderLikeSwipe;
				PRODUCT_NAME = "$(TARGET_NAME)";
				SWIFT_VERSION = 5.0;
				TARGETED_DEVICE_FAMILY = "1,2";
			};
			name = Release;
		};
		3F2B67BE227B688200F46544 /* Debug */ = {
			isa = XCBuildConfiguration;
			buildSettings = {
				ALWAYS_EMBED_SWIFT_STANDARD_LIBRARIES = YES;
				BUNDLE_LOADER = "$(TEST_HOST)";
				CODE_SIGN_STYLE = Automatic;
				INFOPLIST_FILE = TnderLikeSwipeTests/Info.plist;
				LD_RUNPATH_SEARCH_PATHS = (
					"$(inherited)",
					"@executable_path/Frameworks",
					"@loader_path/Frameworks",
				);
				PRODUCT_BUNDLE_IDENTIFIER = com.desigetudo.TnderLikeSwipeTests;
				PRODUCT_NAME = "$(TARGET_NAME)";
				SWIFT_VERSION = 5.0;
				TARGETED_DEVICE_FAMILY = "1,2";
				TEST_HOST = "$(BUILT_PRODUCTS_DIR)/TnderLikeSwipe.app/TnderLikeSwipe";
			};
			name = Debug;
		};
		3F2B67BF227B688200F46544 /* Release */ = {
			isa = XCBuildConfiguration;
			buildSettings = {
				ALWAYS_EMBED_SWIFT_STANDARD_LIBRARIES = YES;
				BUNDLE_LOADER = "$(TEST_HOST)";
				CODE_SIGN_STYLE = Automatic;
				INFOPLIST_FILE = TnderLikeSwipeTests/Info.plist;
				LD_RUNPATH_SEARCH_PATHS = (
					"$(inherited)",
					"@executable_path/Frameworks",
					"@loader_path/Frameworks",
				);
				PRODUCT_BUNDLE_IDENTIFIER = com.desigetudo.TnderLikeSwipeTests;
				PRODUCT_NAME = "$(TARGET_NAME)";
				SWIFT_VERSION = 5.0;
				TARGETED_DEVICE_FAMILY = "1,2";
				TEST_HOST = "$(BUILT_PRODUCTS_DIR)/TnderLikeSwipe.app/TnderLikeSwipe";
			};
			name = Release;
		};
		3F2B67C1227B688200F46544 /* Debug */ = {
			isa = XCBuildConfiguration;
			buildSettings = {
				ALWAYS_EMBED_SWIFT_STANDARD_LIBRARIES = YES;
				CODE_SIGN_STYLE = Automatic;
				INFOPLIST_FILE = TnderLikeSwipeUITests/Info.plist;
				LD_RUNPATH_SEARCH_PATHS = (
					"$(inherited)",
					"@executable_path/Frameworks",
					"@loader_path/Frameworks",
				);
				PRODUCT_BUNDLE_IDENTIFIER = com.desigetudo.TnderLikeSwipeUITests;
				PRODUCT_NAME = "$(TARGET_NAME)";
				SWIFT_VERSION = 5.0;
				TARGETED_DEVICE_FAMILY = "1,2";
				TEST_TARGET_NAME = TnderLikeSwipe;
			};
			name = Debug;
		};
		3F2B67C2227B688200F46544 /* Release */ = {
			isa = XCBuildConfiguration;
			buildSettings = {
				ALWAYS_EMBED_SWIFT_STANDARD_LIBRARIES = YES;
				CODE_SIGN_STYLE = Automatic;
				INFOPLIST_FILE = TnderLikeSwipeUITests/Info.plist;
				LD_RUNPATH_SEARCH_PATHS = (
					"$(inherited)",
					"@executable_path/Frameworks",
					"@loader_path/Frameworks",
				);
				PRODUCT_BUNDLE_IDENTIFIER = com.desigetudo.TnderLikeSwipeUITests;
				PRODUCT_NAME = "$(TARGET_NAME)";
				SWIFT_VERSION = 5.0;
				TARGETED_DEVICE_FAMILY = "1,2";
				TEST_TARGET_NAME = TnderLikeSwipe;
			};
			name = Release;
		};
/* End XCBuildConfiguration section */

/* Begin XCConfigurationList section */
		3F2B678D227B688100F46544 /* Build configuration list for PBXProject "TnderLikeSwipe" */ = {
			isa = XCConfigurationList;
			buildConfigurations = (
				3F2B67B8227B688200F46544 /* Debug */,
				3F2B67B9227B688200F46544 /* Release */,
			);
			defaultConfigurationIsVisible = 0;
			defaultConfigurationName = Release;
		};
		3F2B67BA227B688200F46544 /* Build configuration list for PBXNativeTarget "TnderLikeSwipe" */ = {
			isa = XCConfigurationList;
			buildConfigurations = (
				3F2B67BB227B688200F46544 /* Debug */,
				3F2B67BC227B688200F46544 /* Release */,
			);
			defaultConfigurationIsVisible = 0;
			defaultConfigurationName = Release;
		};
		3F2B67BD227B688200F46544 /* Build configuration list for PBXNativeTarget "TnderLikeSwipeTests" */ = {
			isa = XCConfigurationList;
			buildConfigurations = (
				3F2B67BE227B688200F46544 /* Debug */,
				3F2B67BF227B688200F46544 /* Release */,
			);
			defaultConfigurationIsVisible = 0;
			defaultConfigurationName = Release;
		};
		3F2B67C0227B688200F46544 /* Build configuration list for PBXNativeTarget "TnderLikeSwipeUITests" */ = {
			isa = XCConfigurationList;
			buildConfigurations = (
				3F2B67C1227B688200F46544 /* Debug */,
				3F2B67C2227B688200F46544 /* Release */,
			);
			defaultConfigurationIsVisible = 0;
			defaultConfigurationName = Release;
		};
/* End XCConfigurationList section */
	};
	rootObject = 3F2B678A227B688100F46544 /* Project object */;
}
